
Microsoft Visual Studio Solution File, Format Version 12.00
# Visual Studio Version 17
VisualStudioVersion = 17.6.33801.468
MinimumVisualStudioVersion = 10.0.40219.1
Project("{FAE04EC0-301F-11D3-BF4B-00C04F79EFBC}") = "BankSystem", "BankSystem\BankSystem.csproj", "{47786D22-1E1F-49FC-BE35-B7BF9337E1D5}"
EndProject
Project("{FAE04EC0-301F-11D3-BF4B-00C04F79EFBC}") = "Application", "Application\Application.csproj", "{5922AA64-BD99-44C2-8382-F1ECD1A9948D}"
EndProject
Project("{FAE04EC0-301F-11D3-BF4B-00C04F79EFBC}") = "Domain", "Domain\Domain.csproj", "{F8373D82-2D58-459D-B601-76950C3C89B1}"
EndProject
Project("{FAE04EC0-301F-11D3-BF4B-00C04F79EFBC}") = "Infrastructure", "Infrastructure\Infrastructure.csproj", "{5E1C854E-65D3-4719-B101-565D4290E991}"
EndProject
Global
	GlobalSection(SolutionConfigurationPlatforms) = preSolution
		Debug|Any CPU = Debug|Any CPU
		Release|Any CPU = Release|Any CPU
	EndGlobalSection
	GlobalSection(ProjectConfigurationPlatforms) = postSolution
		{47786D22-1E1F-49FC-BE35-B7BF9337E1D5}.Debug|Any CPU.ActiveCfg = Debug|Any CPU
		{47786D22-1E1F-49FC-BE35-B7BF9337E1D5}.Debug|Any CPU.Build.0 = Debug|Any CPU
		{47786D22-1E1F-49FC-BE35-B7BF9337E1D5}.Release|Any CPU.ActiveCfg = Release|Any CPU
		{47786D22-1E1F-49FC-BE35-B7BF9337E1D5}.Release|Any CPU.Build.0 = Release|Any CPU
		{5922AA64-BD99-44C2-8382-F1ECD1A9948D}.Debug|Any CPU.ActiveCfg = Debug|Any CPU
		{5922AA64-BD99-44C2-8382-F1ECD1A9948D}.Debug|Any CPU.Build.0 = Debug|Any CPU
		{5922AA64-BD99-44C2-8382-F1ECD1A9948D}.Release|Any CPU.ActiveCfg = Release|Any CPU
		{5922AA64-BD99-44C2-8382-F1ECD1A9948D}.Release|Any CPU.Build.0 = Release|Any CPU
		{F8373D82-2D58-459D-B601-76950C3C89B1}.Debug|Any CPU.ActiveCfg = Debug|Any CPU
		{F8373D82-2D58-459D-B601-76950C3C89B1}.Debug|Any CPU.Build.0 = Debug|Any CPU
		{F8373D82-2D58-459D-B601-76950C3C89B1}.Release|Any CPU.ActiveCfg = Release|Any CPU
		{F8373D82-2D58-459D-B601-76950C3C89B1}.Release|Any CPU.Build.0 = Release|Any CPU
		{5E1C854E-65D3-4719-B101-565D4290E991}.Debug|Any CPU.ActiveCfg = Debug|Any CPU
		{5E1C854E-65D3-4719-B101-565D4290E991}.Debug|Any CPU.Build.0 = Debug|Any CPU
		{5E1C854E-65D3-4719-B101-565D4290E991}.Release|Any CPU.ActiveCfg = Release|Any CPU
		{5E1C854E-65D3-4719-B101-565D4290E991}.Release|Any CPU.Build.0 = Release|Any CPU
	EndGlobalSection
	GlobalSection(SolutionProperties) = preSolution
		HideSolutionNode = FALSE
	EndGlobalSection
	GlobalSection(ExtensibilityGlobals) = postSolution
		SolutionGuid = {7A243CF9-8CAD-49CC-9ACC-172322C36C1A}
	EndGlobalSection
EndGlobal
